// !$*UTF8*$!
{
	archiveVersion = 1;
	classes = {
	};
	objectVersion = 55;
	objects = {

/* Begin PBXBuildFile section */
		5415A4C4280C96BB00D3B781 /* LottieDemoApp.swift in Sources */ = {isa = PBXBuildFile; fileRef = 5415A4C3280C96BB00D3B781 /* LottieDemoApp.swift */; };
		5415A4C6280C96BB00D3B781 /* ContentView.swift in Sources */ = {isa = PBXBuildFile; fileRef = 5415A4C5280C96BB00D3B781 /* ContentView.swift */; };
		5415A4C8280C96BE00D3B781 /* Assets.xcassets in Resources */ = {isa = PBXBuildFile; fileRef = 5415A4C7280C96BE00D3B781 /* Assets.xcassets */; };
		5415A4CB280C96BE00D3B781 /* Preview Assets.xcassets in Resources */ = {isa = PBXBuildFile; fileRef = 5415A4CA280C96BE00D3B781 /* Preview Assets.xcassets */; };
		5415A4D3280C972500D3B781 /* Lottie in Frameworks */ = {isa = PBXBuildFile; productRef = 5415A4D2280C972500D3B781 /* Lottie */; };
		5415A4D9280C977C00D3B781 /* 02.json in Resources */ = {isa = PBXBuildFile; fileRef = 5415A4D6280C977C00D3B781 /* 02.json */; };
		5415A4DA280C977C00D3B781 /* 01.json in Resources */ = {isa = PBXBuildFile; fileRef = 5415A4D7280C977C00D3B781 /* 01.json */; };
		5415A4DB280C977C00D3B781 /* 03.json in Resources */ = {isa = PBXBuildFile; fileRef = 5415A4D8280C977C00D3B781 /* 03.json */; };
		5415A4DD280C982800D3B781 /* LottieView.swift in Sources */ = {isa = PBXBuildFile; fileRef = 5415A4DC280C982800D3B781 /* LottieView.swift */; };
/* End PBXBuildFile section */

/* Begin PBXFileReference section */
		5415A4C0280C96BB00D3B781 /* LottieDemo.app */ = {isa = PBXFileReference; explicitFileType = wrapper.application; includeInIndex = 0; path = LottieDemo.app; sourceTree = BUILT_PRODUCTS_DIR; };
		5415A4C3280C96BB00D3B781 /* LottieDemoApp.swift */ = {isa = PBXFileReference; lastKnownFileType = sourcecode.swift; path = LottieDemoApp.swift; sourceTree = "<group>"; };
		5415A4C5280C96BB00D3B781 /* ContentView.swift */ = {isa = PBXFileReference; lastKnownFileType = sourcecode.swift; path = ContentView.swift; sourceTree = "<group>"; };
		5415A4C7280C96BE00D3B781 /* Assets.xcassets */ = {isa = PBXFileReference; lastKnownFileType = folder.assetcatalog; path = Assets.xcassets; sourceTree = "<group>"; };
		5415A4CA280C96BE00D3B781 /* Preview Assets.xcassets */ = {isa = PBXFileReference; lastKnownFileType = folder.assetcatalog; path = "Preview Assets.xcassets"; sourceTree = "<group>"; };
		5415A4D6280C977C00D3B781 /* 02.json */ = {isa = PBXFileReference; fileEncoding = 4; lastKnownFileType = text.json; path = 02.json; sourceTree = "<group>"; };
		5415A4D7280C977C00D3B781 /* 01.json */ = {isa = PBXFileReference; fileEncoding = 4; lastKnownFileType = text.json; path = 01.json; sourceTree = "<group>"; };
		5415A4D8280C977C00D3B781 /* 03.json */ = {isa = PBXFileReference; fileEncoding = 4; lastKnownFileType = text.json; path = 03.json; sourceTree = "<group>"; };
		5415A4DC280C982800D3B781 /* LottieView.swift */ = {isa = PBXFileReference; lastKnownFileType = sourcecode.swift; path = LottieView.swift; sourceTree = "<group>"; };
/* End PBXFileReference section */

/* Begin PBXFrameworksBuildPhase section */
		5415A4BD280C96BB00D3B781 /* Frameworks */ = {
			isa = PBXFrameworksBuildPhase;
			buildActionMask = 2147483647;
			files = (
				5415A4D3280C972500D3B781 /* Lottie in Frameworks */,
			);
			runOnlyForDeploymentPostprocessing = 0;
		};
/* End PBXFrameworksBuildPhase section */

/* Begin PBXGroup section */
		5415A4B7280C96BB00D3B781 = {
			isa = PBXGroup;
			children = (
				5415A4C2280C96BB00D3B781 /* LottieDemo */,
				5415A4C1280C96BB00D3B781 /* Products */,
			);
			sourceTree = "<group>";
		};
		5415A4C1280C96BB00D3B781 /* Products */ = {
			isa = PBXGroup;
			children = (
				5415A4C0280C96BB00D3B781 /* LottieDemo.app */,
			);
			name = Products;
			sourceTree = "<group>";
		};
		5415A4C2280C96BB00D3B781 /* LottieDemo */ = {
			isa = PBXGroup;
			children = (
				5415A4D4280C973000D3B781 /* Animations */,
				5415A4C3280C96BB00D3B781 /* LottieDemoApp.swift */,
				5415A4C5280C96BB00D3B781 /* ContentView.swift */,
				5415A4C7280C96BE00D3B781 /* Assets.xcassets */,
				5415A4C9280C96BE00D3B781 /* Preview Content */,
				5415A4DC280C982800D3B781 /* LottieView.swift */,
			);
			path = LottieDemo;
			sourceTree = "<group>";
		};
		5415A4C9280C96BE00D3B781 /* Preview Content */ = {
			isa = PBXGroup;
			children = (
				5415A4CA280C96BE00D3B781 /* Preview Assets.xcassets */,
			);
			path = "Preview Content";
			sourceTree = "<group>";
		};
		5415A4D4280C973000D3B781 /* Animations */ = {
			isa = PBXGroup;
			children = (
				5415A4D5280C976600D3B781 /* UglyDelicious */,
			);
			path = Animations;
			sourceTree = "<group>";
		};
		5415A4D5280C976600D3B781 /* UglyDelicious */ = {
			isa = PBXGroup;
			children = (
				5415A4D7280C977C00D3B781 /* 01.json */,
				5415A4D6280C977C00D3B781 /* 02.json */,
				5415A4D8280C977C00D3B781 /* 03.json */,
			);
			path = UglyDelicious;
			sourceTree = "<group>";
		};
/* End PBXGroup section */

/* Begin PBXNativeTarget section */
		5415A4BF280C96BB00D3B781 /* LottieDemo */ = {
			isa = PBXNativeTarget;
			buildConfigurationList = 5415A4CE280C96BE00D3B781 /* Build configuration list for PBXNativeTarget "LottieDemo" */;
			buildPhases = (
				5415A4BC280C96BB00D3B781 /* Sources */,
				5415A4BD280C96BB00D3B781 /* Frameworks */,
				5415A4BE280C96BB00D3B781 /* Resources */,
			);
			buildRules = (
			);
			dependencies = (
			);
			name = LottieDemo;
			packageProductDependencies = (
				5415A4D2280C972500D3B781 /* Lottie */,
			);
			productName = LottieDemo;
			productReference = 5415A4C0280C96BB00D3B781 /* LottieDemo.app */;
			productType = "com.apple.product-type.application";
		};
/* End PBXNativeTarget section */

/* Begin PBXProject section */
		5415A4B8280C96BB00D3B781 /* Project object */ = {
			isa = PBXProject;
			attributes = {
				BuildIndependentTargetsInParallel = 1;
				LastSwiftUpdateCheck = 1330;
				LastUpgradeCheck = 1330;
				TargetAttributes = {
					5415A4BF280C96BB00D3B781 = {
						CreatedOnToolsVersion = 13.3.1;
					};
				};
			};
			buildConfigurationList = 5415A4BB280C96BB00D3B781 /* Build configuration list for PBXProject "LottieDemo" */;
			compatibilityVersion = "Xcode 13.0";
			developmentRegion = en;
			hasScannedForEncodings = 0;
			knownRegions = (
				en,
				Base,
			);
			mainGroup = 5415A4B7280C96BB00D3B781;
			packageReferences = (
				5415A4D1280C972500D3B781 /* XCRemoteSwiftPackageReference "lottie-ios" */,
			);
			productRefGroup = 5415A4C1280C96BB00D3B781 /* Products */;
			projectDirPath = "";
			projectRoot = "";
			targets = (
				5415A4BF280C96BB00D3B781 /* LottieDemo */,
			);
		};
/* End PBXProject section */

/* Begin PBXResourcesBuildPhase section */
		5415A4BE280C96BB00D3B781 /* Resources */ = {
			isa = PBXResourcesBuildPhase;
			buildActionMask = 2147483647;
			files = (
				5415A4DB280C977C00D3B781 /* 03.json in Resources */,
				5415A4DA280C977C00D3B781 /* 01.json in Resources */,
				5415A4D9280C977C00D3B781 /* 02.json in Resources */,
				5415A4CB280C96BE00D3B781 /* Preview Assets.xcassets in Resources */,
				5415A4C8280C96BE00D3B781 /* Assets.xcassets in Resources */,
			);
			runOnlyForDeploymentPostprocessing = 0;
		};
/* End PBXResourcesBuildPhase section */

/* Begin PBXSourcesBuildPhase section */
		5415A4BC280C96BB00D3B781 /* Sources */ = {
			isa = PBXSourcesBuildPhase;
			buildActionMask = 2147483647;
			files = (
				5415A4C6280C96BB00D3B781 /* ContentView.swift in Sources */,
				5415A4C4280C96BB00D3B781 /* LottieDemoApp.swift in Sources */,
				5415A4DD280C982800D3B781 /* LottieView.swift in Sources */,
			);
			runOnlyForDeploymentPostprocessing = 0;
		};
/* End PBXSourcesBuildPhase section */

/* Begin XCBuildConfiguration section */
		5415A4CC280C96BE00D3B781 /* Debug */ = {
			isa = XCBuildConfiguration;
			buildSettings = {
				ALWAYS_SEARCH_USER_PATHS = NO;
				CLANG_ANALYZER_NONNULL = YES;
				CLANG_ANALYZER_NUMBER_OBJECT_CONVERSION = YES_AGGRESSIVE;
				CLANG_CXX_LANGUAGE_STANDARD = "gnu++17";
				CLANG_ENABLE_MODULES = YES;
				CLANG_ENABLE_OBJC_ARC = YES;
				CLANG_ENABLE_OBJC_WEAK = YES;
				CLANG_WARN_BLOCK_CAPTURE_AUTORELEASING = YES;
				CLANG_WARN_BOOL_CONVERSION = YES;
				CLANG_WARN_COMMA = YES;
				CLANG_WARN_CONSTANT_CONVERSION = YES;
				CLANG_WARN_DEPRECATED_OBJC_IMPLEMENTATIONS = YES;
				CLANG_WARN_DIRECT_OBJC_ISA_USAGE = YES_ERROR;
				CLANG_WARN_DOCUMENTATION_COMMENTS = YES;
				CLANG_WARN_EMPTY_BODY = YES;
				CLANG_WARN_ENUM_CONVERSION = YES;
				CLANG_WARN_INFINITE_RECURSION = YES;
				CLANG_WARN_INT_CONVERSION = YES;
				CLANG_WARN_NON_LITERAL_NULL_CONVERSION = YES;
				CLANG_WARN_OBJC_IMPLICIT_RETAIN_SELF = YES;
				CLANG_WARN_OBJC_LITERAL_CONVERSION = YES;
				CLANG_WARN_OBJC_ROOT_CLASS = YES_ERROR;
				CLANG_WARN_QUOTED_INCLUDE_IN_FRAMEWORK_HEADER = YES;
				CLANG_WARN_RANGE_LOOP_ANALYSIS = YES;
				CLANG_WARN_STRICT_PROTOTYPES = YES;
				CLANG_WARN_SUSPICIOUS_MOVE = YES;
				CLANG_WARN_UNGUARDED_AVAILABILITY = YES_AGGRESSIVE;
				CLANG_WARN_UNREACHABLE_CODE = YES;
				CLANG_WARN__DUPLICATE_METHOD_MATCH = YES;
				COPY_PHASE_STRIP = NO;
				DEBUG_INFORMATION_FORMAT = dwarf;
				ENABLE_STRICT_OBJC_MSGSEND = YES;
				ENABLE_TESTABILITY = YES;
				GCC_C_LANGUAGE_STANDARD = gnu11;
				GCC_DYNAMIC_NO_PIC = NO;
				GCC_NO_COMMON_BLOCKS = YES;
				GCC_OPTIMIZATION_LEVEL = 0;
				GCC_PREPROCESSOR_DEFINITIONS = (
					"DEBUG=1",
					"$(inherited)",
				);
				GCC_WARN_64_TO_32_BIT_CONVERSION = YES;
				GCC_WARN_ABOUT_RETURN_TYPE = YES_ERROR;
				GCC_WARN_UNDECLARED_SELECTOR = YES;
				GCC_WARN_UNINITIALIZED_AUTOS = YES_AGGRESSIVE;
				GCC_WARN_UNUSED_FUNCTION = YES;
				GCC_WARN_UNUSED_VARIABLE = YES;
				IPHONEOS_DEPLOYMENT_TARGET = 15.4;
				MTL_ENABLE_DEBUG_INFO = INCLUDE_SOURCE;
				MTL_FAST_MATH = YES;
				ONLY_ACTIVE_ARCH = YES;
				SDKROOT = iphoneos;
				SWIFT_ACTIVE_COMPILATION_CONDITIONS = DEBUG;
				SWIFT_OPTIMIZATION_LEVEL = "-Onone";
			};
			name = Debug;
		};
		5415A4CD280C96BE00D3B781 /* Release */ = {
			isa = XCBuildConfiguration;
			buildSettings = {
				ALWAYS_SEARCH_USER_PATHS = NO;
				CLANG_ANALYZER_NONNULL = YES;
				CLANG_ANALYZER_NUMBER_OBJECT_CONVERSION = YES_AGGRESSIVE;
				CLANG_CXX_LANGUAGE_STANDARD = "gnu++17";
				CLANG_ENABLE_MODULES = YES;
				CLANG_ENABLE_OBJC_ARC = YES;
				CLANG_ENABLE_OBJC_WEAK = YES;
				CLANG_WARN_BLOCK_CAPTURE_AUTORELEASING = YES;
				CLANG_WARN_BOOL_CONVERSION = YES;
				CLANG_WARN_COMMA = YES;
				CLANG_WARN_CONSTANT_CONVERSION = YES;
				CLANG_WARN_DEPRECATED_OBJC_IMPLEMENTATIONS = YES;
				CLANG_WARN_DIRECT_OBJC_ISA_USAGE = YES_ERROR;
				CLANG_WARN_DOCUMENTATION_COMMENTS = YES;
				CLANG_WARN_EMPTY_BODY = YES;
				CLANG_WARN_ENUM_CONVERSION = YES;
				CLANG_WARN_INFINITE_RECURSION = YES;
				CLANG_WARN_INT_CONVERSION = YES;
				CLANG_WARN_NON_LITERAL_NULL_CONVERSION = YES;
				CLANG_WARN_OBJC_IMPLICIT_RETAIN_SELF = YES;
				CLANG_WARN_OBJC_LITERAL_CONVERSION = YES;
				CLANG_WARN_OBJC_ROOT_CLASS = YES_ERROR;
				CLANG_WARN_QUOTED_INCLUDE_IN_FRAMEWORK_HEADER = YES;
				CLANG_WARN_RANGE_LOOP_ANALYSIS = YES;
				CLANG_WARN_STRICT_PROTOTYPES = YES;
				CLANG_WARN_SUSPICIOUS_MOVE = YES;
				CLANG_WARN_UNGUARDED_AVAILABILITY = YES_AGGRESSIVE;
				CLANG_WARN_UNREACHABLE_CODE = YES;
				CLANG_WARN__DUPLICATE_METHOD_MATCH = YES;
				COPY_PHASE_STRIP = NO;
				DEBUG_INFORMATION_FORMAT = "dwarf-with-dsym";
				ENABLE_NS_ASSERTIONS = NO;
				ENABLE_STRICT_OBJC_MSGSEND = YES;
				GCC_C_LANGUAGE_STANDARD = gnu11;
				GCC_NO_COMMON_BLOCKS = YES;
				GCC_WARN_64_TO_32_BIT_CONVERSION = YES;
				GCC_WARN_ABOUT_RETURN_TYPE = YES_ERROR;
				GCC_WARN_UNDECLARED_SELECTOR = YES;
				GCC_WARN_UNINITIALIZED_AUTOS = YES_AGGRESSIVE;
				GCC_WARN_UNUSED_FUNCTION = YES;
				GCC_WARN_UNUSED_VARIABLE = YES;
				IPHONEOS_DEPLOYMENT_TARGET = 15.4;
				MTL_ENABLE_DEBUG_INFO = NO;
				MTL_FAST_MATH = YES;
				SDKROOT = iphoneos;
				SWIFT_COMPILATION_MODE = wholemodule;
				SWIFT_OPTIMIZATION_LEVEL = "-O";
				VALIDATE_PRODUCT = YES;
			};
			name = Release;
		};
		5415A4CF280C96BE00D3B781 /* Debug */ = {
			isa = XCBuildConfiguration;
			buildSettings = {
				ASSETCATALOG_COMPILER_APPICON_NAME = AppIcon;
				ASSETCATALOG_COMPILER_GLOBAL_ACCENT_COLOR_NAME = AccentColor;
				CODE_SIGN_STYLE = Automatic;
				CURRENT_PROJECT_VERSION = 1;
				DEVELOPMENT_ASSET_PATHS = "\"LottieDemo/Preview Content\"";
				DEVELOPMENT_TEAM = PA7T23D68R;
				ENABLE_PREVIEWS = YES;
				GENERATE_INFOPLIST_FILE = YES;
				INFOPLIST_KEY_UIApplicationSceneManifest_Generation = YES;
				INFOPLIST_KEY_UIApplicationSupportsIndirectInputEvents = YES;
				INFOPLIST_KEY_UILaunchScreen_Generation = YES;
				INFOPLIST_KEY_UISupportedInterfaceOrientations_iPad = "UIInterfaceOrientationPortrait UIInterfaceOrientationPortraitUpsideDown UIInterfaceOrientationLandscapeLeft UIInterfaceOrientationLandscapeRight";
				INFOPLIST_KEY_UISupportedInterfaceOrientations_iPhone = "UIInterfaceOrientationPortrait UIInterfaceOrientationLandscapeLeft UIInterfaceOrientationLandscapeRight";
				LD_RUNPATH_SEARCH_PATHS = (
					"$(inherited)",
					"@executable_path/Frameworks",
				);
				MARKETING_VERSION = 1.0;
				PRODUCT_BUNDLE_IDENTIFIER = com.fvaliavko.LottieDemo;
				PRODUCT_NAME = "$(TARGET_NAME)";
				SWIFT_EMIT_LOC_STRINGS = YES;
				SWIFT_VERSION = 5.0;
				TARGETED_DEVICE_FAMILY = "1,2";
			};
			name = Debug;
		};
		5415A4D0280C96BE00D3B781 /* Release */ = {
			isa = XCBuildConfiguration;
			buildSettings = {
				ASSETCATALOG_COMPILER_APPICON_NAME = AppIcon;
				ASSETCATALOG_COMPILER_GLOBAL_ACCENT_COLOR_NAME = AccentColor;
				CODE_SIGN_STYLE = Automatic;
				CURRENT_PROJECT_VERSION = 1;
				DEVELOPMENT_ASSET_PATHS = "\"LottieDemo/Preview Content\"";
				DEVELOPMENT_TEAM = PA7T23D68R;
				ENABLE_PREVIEWS = YES;
				GENERATE_INFOPLIST_FILE = YES;
				INFOPLIST_KEY_UIApplicationSceneManifest_Generation = YES;
				INFOPLIST_KEY_UIApplicationSupportsIndirectInputEvents = YES;
				INFOPLIST_KEY_UILaunchScreen_Generation = YES;
				INFOPLIST_KEY_UISupportedInterfaceOrientations_iPad = "UIInterfaceOrientationPortrait UIInterfaceOrientationPortraitUpsideDown UIInterfaceOrientationLandscapeLeft UIInterfaceOrientationLandscapeRight";
				INFOPLIST_KEY_UISupportedInterfaceOrientations_iPhone = "UIInterfaceOrientationPortrait UIInterfaceOrientationLandscapeLeft UIInterfaceOrientationLandscapeRight";
				LD_RUNPATH_SEARCH_PATHS = (
					"$(inherited)",
					"@executable_path/Frameworks",
				);
				MARKETING_VERSION = 1.0;
				PRODUCT_BUNDLE_IDENTIFIER = com.fvaliavko.LottieDemo;
				PRODUCT_NAME = "$(TARGET_NAME)";
				SWIFT_EMIT_LOC_STRINGS = YES;
				SWIFT_VERSION = 5.0;
				TARGETED_DEVICE_FAMILY = "1,2";
			};
			name = Release;
		};
/* End XCBuildConfiguration section */

/* Begin XCConfigurationList section */
		5415A4BB280C96BB00D3B781 /* Build configuration list for PBXProject "LottieDemo" */ = {
			isa = XCConfigurationList;
			buildConfigurations = (
				5415A4CC280C96BE00D3B781 /* Debug */,
				5415A4CD280C96BE00D3B781 /* Release */,
			);
			defaultConfigurationIsVisible = 0;
			defaultConfigurationName = Release;
		};
		5415A4CE280C96BE00D3B781 /* Build configuration list for PBXNativeTarget "LottieDemo" */ = {
			isa = XCConfigurationList;
			buildConfigurations = (
				5415A4CF280C96BE00D3B781 /* Debug */,
				5415A4D0280C96BE00D3B781 /* Release */,
			);
			defaultConfigurationIsVisible = 0;
			defaultConfigurationName = Release;
		};
/* End XCConfigurationList section */

/* Begin XCRemoteSwiftPackageReference section */
		5415A4D1280C972500D3B781 /* XCRemoteSwiftPackageReference "lottie-ios" */ = {
			isa = XCRemoteSwiftPackageReference;
			repositoryURL = "https://github.com/airbnb/lottie-ios";
			requirement = {
				kind = upToNextMajorVersion;
				minimumVersion = 3.0.0;
			};
		};
/* End XCRemoteSwiftPackageReference section */

/* Begin XCSwiftPackageProductDependency section */
		5415A4D2280C972500D3B781 /* Lottie */ = {
			isa = XCSwiftPackageProductDependency;
			package = 5415A4D1280C972500D3B781 /* XCRemoteSwiftPackageReference "lottie-ios" */;
			productName = Lottie;
		};
/* End XCSwiftPackageProductDependency section */
	};
	rootObject = 5415A4B8280C96BB00D3B781 /* Project object */;
}
